
Microsoft Visual Studio Solution File, Format Version 12.00
# Visual Studio Version 16
VisualStudioVersion = 16.0.30002.166
MinimumVisualStudioVersion = 10.0.40219.1
Project("{FAE04EC0-301F-11D3-BF4B-00C04F79EFBC}") = "Ex04.Menus.Delegates", "Ex04.Menus.Delegates\Ex04.Menus.Delegates.csproj", "{B02F385A-482E-4F95-ACBD-E3694F3665B8}"
EndProject
Project("{FAE04EC0-301F-11D3-BF4B-00C04F79EFBC}") = "Ex04.Menus.Test", "Ex04.Menus.Test\Ex04.Menus.Test.csproj", "{24AEB695-D729-495B-8644-A7DBBE0DF2D6}"
EndProject
Project("{FAE04EC0-301F-11D3-BF4B-00C04F79EFBC}") = "Ex04.Menus.Interfaces", "Ex04.Menus.Interfaces\Ex04.Menus.Interfaces.csproj", "{3F9DBBA0-8886-439A-A9FC-757280B47CDF}"
EndProject
Global
	GlobalSection(SolutionConfigurationPlatforms) = preSolution
		Debug|Any CPU = Debug|Any CPU
		Release|Any CPU = Release|Any CPU
	EndGlobalSection
	GlobalSection(ProjectConfigurationPlatforms) = postSolution
		{B02F385A-482E-4F95-ACBD-E3694F3665B8}.Debug|Any CPU.ActiveCfg = Debug|Any CPU
		{B02F385A-482E-4F95-ACBD-E3694F3665B8}.Debug|Any CPU.Build.0 = Debug|Any CPU
		{B02F385A-482E-4F95-ACBD-E3694F3665B8}.Release|Any CPU.ActiveCfg = Release|Any CPU
		{B02F385A-482E-4F95-ACBD-E3694F3665B8}.Release|Any CPU.Build.0 = Release|Any CPU
		{24AEB695-D729-495B-8644-A7DBBE0DF2D6}.Debug|Any CPU.ActiveCfg = Debug|Any CPU
		{24AEB695-D729-495B-8644-A7DBBE0DF2D6}.Debug|Any CPU.Build.0 = Debug|Any CPU
		{24AEB695-D729-495B-8644-A7DBBE0DF2D6}.Release|Any CPU.ActiveCfg = Release|Any CPU
		{24AEB695-D729-495B-8644-A7DBBE0DF2D6}.Release|Any CPU.Build.0 = Release|Any CPU
		{3F9DBBA0-8886-439A-A9FC-757280B47CDF}.Debug|Any CPU.ActiveCfg = Debug|Any CPU
		{3F9DBBA0-8886-439A-A9FC-757280B47CDF}.Debug|Any CPU.Build.0 = Debug|Any CPU
		{3F9DBBA0-8886-439A-A9FC-757280B47CDF}.Release|Any CPU.ActiveCfg = Release|Any CPU
		{3F9DBBA0-8886-439A-A9FC-757280B47CDF}.Release|Any CPU.Build.0 = Release|Any CPU
	EndGlobalSection
	GlobalSection(SolutionProperties) = preSolution
		HideSolutionNode = FALSE
	EndGlobalSection
	GlobalSection(ExtensibilityGlobals) = postSolution
		SolutionGuid = {D7B96037-DAD3-4B3E-9B6C-A0CC85ADAA10}
	EndGlobalSection
EndGlobal
